// !$*UTF8*$!
{
	archiveVersion = 1;
	classes = {
	};
	objectVersion = 50;
	objects = {

/* Begin PBXBuildFile section */
		78089D74248275D9004D7C42 /* AppDelegate.swift in Sources */ = {isa = PBXBuildFile; fileRef = 78089D73248275D9004D7C42 /* AppDelegate.swift */; };
		78089D76248275D9004D7C42 /* MainViewController.swift in Sources */ = {isa = PBXBuildFile; fileRef = 78089D75248275D9004D7C42 /* MainViewController.swift */; };
		78089D78248275DB004D7C42 /* Assets.xcassets in Resources */ = {isa = PBXBuildFile; fileRef = 78089D77248275DB004D7C42 /* Assets.xcassets */; };
		78089D7B248275DB004D7C42 /* Main.storyboard in Resources */ = {isa = PBXBuildFile; fileRef = 78089D79248275DB004D7C42 /* Main.storyboard */; };
		78089D87248275DB004D7C42 /* ProcessExplorerTests.swift in Sources */ = {isa = PBXBuildFile; fileRef = 78089D86248275DB004D7C42 /* ProcessExplorerTests.swift */; };
		78089D9324827AF3004D7C42 /* libbsm.tbd in Frameworks */ = {isa = PBXBuildFile; fileRef = 78089D9224827AF3004D7C42 /* libbsm.tbd */; };
		78089D9624828CD9004D7C42 /* Process.swift in Sources */ = {isa = PBXBuildFile; fileRef = 78089D9524828CD9004D7C42 /* Process.swift */; };
		78089D9C2482A296004D7C42 /* ProcessMonitor.swift in Sources */ = {isa = PBXBuildFile; fileRef = 78089D9B2482A296004D7C42 /* ProcessMonitor.swift */; };
		78089DA22483AAE0004D7C42 /* ProcessesViewController.swift in Sources */ = {isa = PBXBuildFile; fileRef = 78089DA12483AAE0004D7C42 /* ProcessesViewController.swift */; };
		78089DA42483AB3B004D7C42 /* ProcessDetailsViewController.swift in Sources */ = {isa = PBXBuildFile; fileRef = 78089DA32483AB3A004D7C42 /* ProcessDetailsViewController.swift */; };
		78DADB9B2483C4B0000FA6CF /* ProcessSplitViewController.swift in Sources */ = {isa = PBXBuildFile; fileRef = 78DADB9A2483C4B0000FA6CF /* ProcessSplitViewController.swift */; };
/* End PBXBuildFile section */

/* Begin PBXContainerItemProxy section */
		78089D83248275DB004D7C42 /* PBXContainerItemProxy */ = {
			isa = PBXContainerItemProxy;
			containerPortal = 78089D68248275D9004D7C42 /* Project object */;
			proxyType = 1;
			remoteGlobalIDString = 78089D6F248275D9004D7C42;
			remoteInfo = ProcessExplorer;
		};
/* End PBXContainerItemProxy section */

/* Begin PBXFileReference section */
		78089D70248275D9004D7C42 /* ProcessExplorer.app */ = {isa = PBXFileReference; explicitFileType = wrapper.application; includeInIndex = 0; path = ProcessExplorer.app; sourceTree = BUILT_PRODUCTS_DIR; };
		78089D73248275D9004D7C42 /* AppDelegate.swift */ = {isa = PBXFileReference; lastKnownFileType = sourcecode.swift; path = AppDelegate.swift; sourceTree = "<group>"; };
		78089D75248275D9004D7C42 /* MainViewController.swift */ = {isa = PBXFileReference; lastKnownFileType = sourcecode.swift; path = MainViewController.swift; sourceTree = "<group>"; };
		78089D77248275DB004D7C42 /* Assets.xcassets */ = {isa = PBXFileReference; lastKnownFileType = folder.assetcatalog; path = Assets.xcassets; sourceTree = "<group>"; };
		78089D7A248275DB004D7C42 /* Base */ = {isa = PBXFileReference; lastKnownFileType = file.storyboard; name = Base; path = Base.lproj/Main.storyboard; sourceTree = "<group>"; };
		78089D7C248275DB004D7C42 /* Info.plist */ = {isa = PBXFileReference; lastKnownFileType = text.plist.xml; path = Info.plist; sourceTree = "<group>"; };
		78089D7D248275DB004D7C42 /* ProcessExplorer.entitlements */ = {isa = PBXFileReference; lastKnownFileType = text.plist.entitlements; path = ProcessExplorer.entitlements; sourceTree = "<group>"; };
		78089D82248275DB004D7C42 /* ProcessExplorerTests.xctest */ = {isa = PBXFileReference; explicitFileType = wrapper.cfbundle; includeInIndex = 0; path = ProcessExplorerTests.xctest; sourceTree = BUILT_PRODUCTS_DIR; };
		78089D86248275DB004D7C42 /* ProcessExplorerTests.swift */ = {isa = PBXFileReference; lastKnownFileType = sourcecode.swift; path = ProcessExplorerTests.swift; sourceTree = "<group>"; };
		78089D88248275DB004D7C42 /* Info.plist */ = {isa = PBXFileReference; lastKnownFileType = text.plist.xml; path = Info.plist; sourceTree = "<group>"; };
		78089D9224827AF3004D7C42 /* libbsm.tbd */ = {isa = PBXFileReference; lastKnownFileType = "sourcecode.text-based-dylib-definition"; name = libbsm.tbd; path = usr/lib/libbsm.tbd; sourceTree = SDKROOT; };
		78089D9524828CD9004D7C42 /* Process.swift */ = {isa = PBXFileReference; lastKnownFileType = sourcecode.swift; path = Process.swift; sourceTree = "<group>"; };
		78089D9724829F7C004D7C42 /* ProcessExplorer-Bridging-Header.h */ = {isa = PBXFileReference; lastKnownFileType = sourcecode.c.h; path = "ProcessExplorer-Bridging-Header.h"; sourceTree = "<group>"; };
		78089D9B2482A296004D7C42 /* ProcessMonitor.swift */ = {isa = PBXFileReference; lastKnownFileType = sourcecode.swift; path = ProcessMonitor.swift; sourceTree = "<group>"; };
		78089DA12483AAE0004D7C42 /* ProcessesViewController.swift */ = {isa = PBXFileReference; lastKnownFileType = sourcecode.swift; path = ProcessesViewController.swift; sourceTree = "<group>"; };
		78089DA32483AB3A004D7C42 /* ProcessDetailsViewController.swift */ = {isa = PBXFileReference; lastKnownFileType = sourcecode.swift; path = ProcessDetailsViewController.swift; sourceTree = "<group>"; };
		78DADB9A2483C4B0000FA6CF /* ProcessSplitViewController.swift */ = {isa = PBXFileReference; lastKnownFileType = sourcecode.swift; path = ProcessSplitViewController.swift; sourceTree = "<group>"; };
/* End PBXFileReference section */

/* Begin PBXFrameworksBuildPhase section */
		78089D6D248275D9004D7C42 /* Frameworks */ = {
			isa = PBXFrameworksBuildPhase;
			buildActionMask = 2147483647;
			files = (
				78089D9324827AF3004D7C42 /* libbsm.tbd in Frameworks */,
			);
			runOnlyForDeploymentPostprocessing = 0;
		};
		78089D7F248275DB004D7C42 /* Frameworks */ = {
			isa = PBXFrameworksBuildPhase;
			buildActionMask = 2147483647;
			files = (
			);
			runOnlyForDeploymentPostprocessing = 0;
		};
/* End PBXFrameworksBuildPhase section */

/* Begin PBXGroup section */
		78089D67248275D9004D7C42 = {
			isa = PBXGroup;
			children = (
				78089D72248275D9004D7C42 /* ProcessExplorer */,
				78089D85248275DB004D7C42 /* ProcessExplorerTests */,
				78089D71248275D9004D7C42 /* Products */,
				78089D9124827AF2004D7C42 /* Frameworks */,
			);
			sourceTree = "<group>";
		};
		78089D71248275D9004D7C42 /* Products */ = {
			isa = PBXGroup;
			children = (
				78089D70248275D9004D7C42 /* ProcessExplorer.app */,
				78089D82248275DB004D7C42 /* ProcessExplorerTests.xctest */,
			);
			name = Products;
			sourceTree = "<group>";
		};
		78089D72248275D9004D7C42 /* ProcessExplorer */ = {
			isa = PBXGroup;
			children = (
				78089D9424828CBD004D7C42 /* ProcessMonitor */,
				78089D73248275D9004D7C42 /* AppDelegate.swift */,
				78089D75248275D9004D7C42 /* MainViewController.swift */,
				78DADB9A2483C4B0000FA6CF /* ProcessSplitViewController.swift */,
				78089DA12483AAE0004D7C42 /* ProcessesViewController.swift */,
				78089DA32483AB3A004D7C42 /* ProcessDetailsViewController.swift */,
				78089D77248275DB004D7C42 /* Assets.xcassets */,
				78089D79248275DB004D7C42 /* Main.storyboard */,
				78089D7C248275DB004D7C42 /* Info.plist */,
				78089D7D248275DB004D7C42 /* ProcessExplorer.entitlements */,
				78089D9724829F7C004D7C42 /* ProcessExplorer-Bridging-Header.h */,
			);
			path = ProcessExplorer;
			sourceTree = "<group>";
		};
		78089D85248275DB004D7C42 /* ProcessExplorerTests */ = {
			isa = PBXGroup;
			children = (
				78089D86248275DB004D7C42 /* ProcessExplorerTests.swift */,
				78089D88248275DB004D7C42 /* Info.plist */,
			);
			path = ProcessExplorerTests;
			sourceTree = "<group>";
		};
		78089D9124827AF2004D7C42 /* Frameworks */ = {
			isa = PBXGroup;
			children = (
				78089D9224827AF3004D7C42 /* libbsm.tbd */,
			);
			name = Frameworks;
			sourceTree = "<group>";
		};
		78089D9424828CBD004D7C42 /* ProcessMonitor */ = {
			isa = PBXGroup;
			children = (
				78089D9524828CD9004D7C42 /* Process.swift */,
				78089D9B2482A296004D7C42 /* ProcessMonitor.swift */,
			);
			path = ProcessMonitor;
			sourceTree = "<group>";
		};
/* End PBXGroup section */

/* Begin PBXNativeTarget section */
		78089D6F248275D9004D7C42 /* ProcessExplorer */ = {
			isa = PBXNativeTarget;
			buildConfigurationList = 78089D8B248275DB004D7C42 /* Build configuration list for PBXNativeTarget "ProcessExplorer" */;
			buildPhases = (
				78089D6C248275D9004D7C42 /* Sources */,
				78089D6D248275D9004D7C42 /* Frameworks */,
				78089D6E248275D9004D7C42 /* Resources */,
			);
			buildRules = (
			);
			dependencies = (
			);
			name = ProcessExplorer;
			productName = ProcessExplorer;
			productReference = 78089D70248275D9004D7C42 /* ProcessExplorer.app */;
			productType = "com.apple.product-type.application";
		};
		78089D81248275DB004D7C42 /* ProcessExplorerTests */ = {
			isa = PBXNativeTarget;
			buildConfigurationList = 78089D8E248275DB004D7C42 /* Build configuration list for PBXNativeTarget "ProcessExplorerTests" */;
			buildPhases = (
				78089D7E248275DB004D7C42 /* Sources */,
				78089D7F248275DB004D7C42 /* Frameworks */,
				78089D80248275DB004D7C42 /* Resources */,
			);
			buildRules = (
			);
			dependencies = (
				78089D84248275DB004D7C42 /* PBXTargetDependency */,
			);
			name = ProcessExplorerTests;
			productName = ProcessExplorerTests;
			productReference = 78089D82248275DB004D7C42 /* ProcessExplorerTests.xctest */;
			productType = "com.apple.product-type.bundle.unit-test";
		};
/* End PBXNativeTarget section */

/* Begin PBXProject section */
		78089D68248275D9004D7C42 /* Project object */ = {
			isa = PBXProject;
			attributes = {
				LastSwiftUpdateCheck = 1150;
				LastUpgradeCheck = 1150;
				ORGANIZATIONNAME = "Aleksandr Kucherenko";
				TargetAttributes = {
					78089D6F248275D9004D7C42 = {
						CreatedOnToolsVersion = 11.5;
						LastSwiftMigration = 1150;
					};
					78089D81248275DB004D7C42 = {
						CreatedOnToolsVersion = 11.5;
						TestTargetID = 78089D6F248275D9004D7C42;
					};
				};
			};
			buildConfigurationList = 78089D6B248275D9004D7C42 /* Build configuration list for PBXProject "ProcessExplorer" */;
			compatibilityVersion = "Xcode 9.3";
			developmentRegion = en;
			hasScannedForEncodings = 0;
			knownRegions = (
				en,
				Base,
			);
			mainGroup = 78089D67248275D9004D7C42;
			productRefGroup = 78089D71248275D9004D7C42 /* Products */;
			projectDirPath = "";
			projectRoot = "";
			targets = (
				78089D6F248275D9004D7C42 /* ProcessExplorer */,
				78089D81248275DB004D7C42 /* ProcessExplorerTests */,
			);
		};
/* End PBXProject section */

/* Begin PBXResourcesBuildPhase section */
		78089D6E248275D9004D7C42 /* Resources */ = {
			isa = PBXResourcesBuildPhase;
			buildActionMask = 2147483647;
			files = (
				78089D78248275DB004D7C42 /* Assets.xcassets in Resources */,
				78089D7B248275DB004D7C42 /* Main.storyboard in Resources */,
			);
			runOnlyForDeploymentPostprocessing = 0;
		};
		78089D80248275DB004D7C42 /* Resources */ = {
			isa = PBXResourcesBuildPhase;
			buildActionMask = 2147483647;
			files = (
			);
			runOnlyForDeploymentPostprocessing = 0;
		};
/* End PBXResourcesBuildPhase section */

/* Begin PBXSourcesBuildPhase section */
		78089D6C248275D9004D7C42 /* Sources */ = {
			isa = PBXSourcesBuildPhase;
			buildActionMask = 2147483647;
			files = (
				78089D76248275D9004D7C42 /* MainViewController.swift in Sources */,
				78DADB9B2483C4B0000FA6CF /* ProcessSplitViewController.swift in Sources */,
				78089D9624828CD9004D7C42 /* Process.swift in Sources */,
				78089DA22483AAE0004D7C42 /* ProcessesViewController.swift in Sources */,
				78089DA42483AB3B004D7C42 /* ProcessDetailsViewController.swift in Sources */,
				78089D9C2482A296004D7C42 /* ProcessMonitor.swift in Sources */,
				78089D74248275D9004D7C42 /* AppDelegate.swift in Sources */,
			);
			runOnlyForDeploymentPostprocessing = 0;
		};
		78089D7E248275DB004D7C42 /* Sources */ = {
			isa = PBXSourcesBuildPhase;
			buildActionMask = 2147483647;
			files = (
				78089D87248275DB004D7C42 /* ProcessExplorerTests.swift in Sources */,
			);
			runOnlyForDeploymentPostprocessing = 0;
		};
/* End PBXSourcesBuildPhase section */

/* Begin PBXTargetDependency section */
		78089D84248275DB004D7C42 /* PBXTargetDependency */ = {
			isa = PBXTargetDependency;
			target = 78089D6F248275D9004D7C42 /* ProcessExplorer */;
			targetProxy = 78089D83248275DB004D7C42 /* PBXContainerItemProxy */;
		};
/* End PBXTargetDependency section */

/* Begin PBXVariantGroup section */
		78089D79248275DB004D7C42 /* Main.storyboard */ = {
			isa = PBXVariantGroup;
			children = (
				78089D7A248275DB004D7C42 /* Base */,
			);
			name = Main.storyboard;
			sourceTree = "<group>";
		};
/* End PBXVariantGroup section */

/* Begin XCBuildConfiguration section */
		78089D89248275DB004D7C42 /* Debug */ = {
			isa = XCBuildConfiguration;
			buildSettings = {
				ALWAYS_SEARCH_USER_PATHS = NO;
				CLANG_ANALYZER_NONNULL = YES;
				CLANG_ANALYZER_NUMBER_OBJECT_CONVERSION = YES_AGGRESSIVE;
				CLANG_CXX_LANGUAGE_STANDARD = "gnu++14";
				CLANG_CXX_LIBRARY = "libc++";
				CLANG_ENABLE_MODULES = YES;
				CLANG_ENABLE_OBJC_ARC = YES;
				CLANG_ENABLE_OBJC_WEAK = YES;
				CLANG_WARN_BLOCK_CAPTURE_AUTORELEASING = YES;
				CLANG_WARN_BOOL_CONVERSION = YES;
				CLANG_WARN_COMMA = YES;
				CLANG_WARN_CONSTANT_CONVERSION = YES;
				CLANG_WARN_DEPRECATED_OBJC_IMPLEMENTATIONS = YES;
				CLANG_WARN_DIRECT_OBJC_ISA_USAGE = YES_ERROR;
				CLANG_WARN_DOCUMENTATION_COMMENTS = YES;
				CLANG_WARN_EMPTY_BODY = YES;
				CLANG_WARN_ENUM_CONVERSION = YES;
				CLANG_WARN_INFINITE_RECURSION = YES;
				CLANG_WARN_INT_CONVERSION = YES;
				CLANG_WARN_NON_LITERAL_NULL_CONVERSION = YES;
				CLANG_WARN_OBJC_IMPLICIT_RETAIN_SELF = YES;
				CLANG_WARN_OBJC_LITERAL_CONVERSION = YES;
				CLANG_WARN_OBJC_ROOT_CLASS = YES_ERROR;
				CLANG_WARN_RANGE_LOOP_ANALYSIS = YES;
				CLANG_WARN_STRICT_PROTOTYPES = YES;
				CLANG_WARN_SUSPICIOUS_MOVE = YES;
				CLANG_WARN_UNGUARDED_AVAILABILITY = YES_AGGRESSIVE;
				CLANG_WARN_UNREACHABLE_CODE = YES;
				CLANG_WARN__DUPLICATE_METHOD_MATCH = YES;
				COPY_PHASE_STRIP = NO;
				DEBUG_INFORMATION_FORMAT = dwarf;
				ENABLE_STRICT_OBJC_MSGSEND = YES;
				ENABLE_TESTABILITY = YES;
				GCC_C_LANGUAGE_STANDARD = gnu11;
				GCC_DYNAMIC_NO_PIC = NO;
				GCC_NO_COMMON_BLOCKS = YES;
				GCC_OPTIMIZATION_LEVEL = 0;
				GCC_PREPROCESSOR_DEFINITIONS = (
					"DEBUG=1",
					"$(inherited)",
				);
				GCC_WARN_64_TO_32_BIT_CONVERSION = YES;
				GCC_WARN_ABOUT_RETURN_TYPE = YES_ERROR;
				GCC_WARN_UNDECLARED_SELECTOR = YES;
				GCC_WARN_UNINITIALIZED_AUTOS = YES_AGGRESSIVE;
				GCC_WARN_UNUSED_FUNCTION = YES;
				GCC_WARN_UNUSED_VARIABLE = YES;
				MACOSX_DEPLOYMENT_TARGET = 10.11;
				MTL_ENABLE_DEBUG_INFO = INCLUDE_SOURCE;
				MTL_FAST_MATH = YES;
				ONLY_ACTIVE_ARCH = YES;
				SDKROOT = macosx;
				SWIFT_ACTIVE_COMPILATION_CONDITIONS = DEBUG;
				SWIFT_OPTIMIZATION_LEVEL = "-Onone";
				SWIFT_VERSION = 5.0;
			};
			name = Debug;
		};
		78089D8A248275DB004D7C42 /* Release */ = {
			isa = XCBuildConfiguration;
			buildSettings = {
				ALWAYS_SEARCH_USER_PATHS = NO;
				CLANG_ANALYZER_NONNULL = YES;
				CLANG_ANALYZER_NUMBER_OBJECT_CONVERSION = YES_AGGRESSIVE;
				CLANG_CXX_LANGUAGE_STANDARD = "gnu++14";
				CLANG_CXX_LIBRARY = "libc++";
				CLANG_ENABLE_MODULES = YES;
				CLANG_ENABLE_OBJC_ARC = YES;
				CLANG_ENABLE_OBJC_WEAK = YES;
				CLANG_WARN_BLOCK_CAPTURE_AUTORELEASING = YES;
				CLANG_WARN_BOOL_CONVERSION = YES;
				CLANG_WARN_COMMA = YES;
				CLANG_WARN_CONSTANT_CONVERSION = YES;
				CLANG_WARN_DEPRECATED_OBJC_IMPLEMENTATIONS = YES;
				CLANG_WARN_DIRECT_OBJC_ISA_USAGE = YES_ERROR;
				CLANG_WARN_DOCUMENTATION_COMMENTS = YES;
				CLANG_WARN_EMPTY_BODY = YES;
				CLANG_WARN_ENUM_CONVERSION = YES;
				CLANG_WARN_INFINITE_RECURSION = YES;
				CLANG_WARN_INT_CONVERSION = YES;
				CLANG_WARN_NON_LITERAL_NULL_CONVERSION = YES;
				CLANG_WARN_OBJC_IMPLICIT_RETAIN_SELF = YES;
				CLANG_WARN_OBJC_LITERAL_CONVERSION = YES;
				CLANG_WARN_OBJC_ROOT_CLASS = YES_ERROR;
				CLANG_WARN_RANGE_LOOP_ANALYSIS = YES;
				CLANG_WARN_STRICT_PROTOTYPES = YES;
				CLANG_WARN_SUSPICIOUS_MOVE = YES;
				CLANG_WARN_UNGUARDED_AVAILABILITY = YES_AGGRESSIVE;
				CLANG_WARN_UNREACHABLE_CODE = YES;
				CLANG_WARN__DUPLICATE_METHOD_MATCH = YES;
				COPY_PHASE_STRIP = NO;
				DEBUG_INFORMATION_FORMAT = "dwarf-with-dsym";
				ENABLE_NS_ASSERTIONS = NO;
				ENABLE_STRICT_OBJC_MSGSEND = YES;
				GCC_C_LANGUAGE_STANDARD = gnu11;
				GCC_NO_COMMON_BLOCKS = YES;
				GCC_WARN_64_TO_32_BIT_CONVERSION = YES;
				GCC_WARN_ABOUT_RETURN_TYPE = YES_ERROR;
				GCC_WARN_UNDECLARED_SELECTOR = YES;
				GCC_WARN_UNINITIALIZED_AUTOS = YES_AGGRESSIVE;
				GCC_WARN_UNUSED_FUNCTION = YES;
				GCC_WARN_UNUSED_VARIABLE = YES;
				MACOSX_DEPLOYMENT_TARGET = 10.11;
				MTL_ENABLE_DEBUG_INFO = NO;
				MTL_FAST_MATH = YES;
				SDKROOT = macosx;
				SWIFT_COMPILATION_MODE = wholemodule;
				SWIFT_OPTIMIZATION_LEVEL = "-O";
				SWIFT_VERSION = 5.0;
			};
			name = Release;
		};
		78089D8C248275DB004D7C42 /* Debug */ = {
			isa = XCBuildConfiguration;
			buildSettings = {
				ASSETCATALOG_COMPILER_APPICON_NAME = AppIcon;
				CLANG_ENABLE_MODULES = YES;
				CODE_SIGN_ENTITLEMENTS = ProcessExplorer/ProcessExplorer.entitlements;
				CODE_SIGN_STYLE = Automatic;
				COMBINE_HIDPI_IMAGES = YES;
				DEVELOPMENT_TEAM = TV25B6JX3U;
				ENABLE_HARDENED_RUNTIME = YES;
				INFOPLIST_FILE = ProcessExplorer/Info.plist;
				LD_RUNPATH_SEARCH_PATHS = (
					"$(inherited)",
					"@executable_path/../Frameworks",
				);
				PRODUCT_BUNDLE_IDENTIFIER = akucherenko.ProcessExplorer;
				PRODUCT_NAME = "$(TARGET_NAME)";
				SWIFT_OBJC_BRIDGING_HEADER = "ProcessExplorer/ProcessExplorer-Bridging-Header.h";
				SWIFT_OPTIMIZATION_LEVEL = "-Onone";
				SWIFT_VERSION = 5.0;
			};
			name = Debug;
		};
		78089D8D248275DB004D7C42 /* Release */ = {
			isa = XCBuildConfiguration;
			buildSettings = {
				ASSETCATALOG_COMPILER_APPICON_NAME = AppIcon;
				CLANG_ENABLE_MODULES = YES;
				CODE_SIGN_ENTITLEMENTS = ProcessExplorer/ProcessExplorer.entitlements;
				CODE_SIGN_STYLE = Automatic;
				COMBINE_HIDPI_IMAGES = YES;
				DEVELOPMENT_TEAM = TV25B6JX3U;
				ENABLE_HARDENED_RUNTIME = YES;
				INFOPLIST_FILE = ProcessExplorer/Info.plist;
				LD_RUNPATH_SEARCH_PATHS = (
					"$(inherited)",
					"@executable_path/../Frameworks",
				);
				PRODUCT_BUNDLE_IDENTIFIER = akucherenko.ProcessExplorer;
				PRODUCT_NAME = "$(TARGET_NAME)";
				SWIFT_OBJC_BRIDGING_HEADER = "ProcessExplorer/ProcessExplorer-Bridging-Header.h";
				SWIFT_VERSION = 5.0;
			};
			name = Release;
		};
		78089D8F248275DB004D7C42 /* Debug */ = {
			isa = XCBuildConfiguration;
			buildSettings = {
				ALWAYS_EMBED_SWIFT_STANDARD_LIBRARIES = YES;
				BUNDLE_LOADER = "$(TEST_HOST)";
				CODE_SIGN_STYLE = Automatic;
				COMBINE_HIDPI_IMAGES = YES;
				DEVELOPMENT_TEAM = TV25B6JX3U;
				INFOPLIST_FILE = ProcessExplorerTests/Info.plist;
				LD_RUNPATH_SEARCH_PATHS = (
					"$(inherited)",
					"@executable_path/../Frameworks",
					"@loader_path/../Frameworks",
				);
				MACOSX_DEPLOYMENT_TARGET = 10.15;
				PRODUCT_BUNDLE_IDENTIFIER = akucherenko.ProcessExplorerTests;
				PRODUCT_NAME = "$(TARGET_NAME)";
				SWIFT_VERSION = 5.0;
				TEST_HOST = "$(BUILT_PRODUCTS_DIR)/ProcessExplorer.app/Contents/MacOS/ProcessExplorer";
			};
			name = Debug;
		};
		78089D90248275DB004D7C42 /* Release */ = {
			isa = XCBuildConfiguration;
			buildSettings = {
				ALWAYS_EMBED_SWIFT_STANDARD_LIBRARIES = YES;
				BUNDLE_LOADER = "$(TEST_HOST)";
				CODE_SIGN_STYLE = Automatic;
				COMBINE_HIDPI_IMAGES = YES;
				DEVELOPMENT_TEAM = TV25B6JX3U;
				INFOPLIST_FILE = ProcessExplorerTests/Info.plist;
				LD_RUNPATH_SEARCH_PATHS = (
					"$(inherited)",
					"@executable_path/../Frameworks",
					"@loader_path/../Frameworks",
				);
				MACOSX_DEPLOYMENT_TARGET = 10.15;
				PRODUCT_BUNDLE_IDENTIFIER = akucherenko.ProcessExplorerTests;
				PRODUCT_NAME = "$(TARGET_NAME)";
				SWIFT_VERSION = 5.0;
				TEST_HOST = "$(BUILT_PRODUCTS_DIR)/ProcessExplorer.app/Contents/MacOS/ProcessExplorer";
			};
			name = Release;
		};
/* End XCBuildConfiguration section */

/* Begin XCConfigurationList section */
		78089D6B248275D9004D7C42 /* Build configuration list for PBXProject "ProcessExplorer" */ = {
			isa = XCConfigurationList;
			buildConfigurations = (
				78089D89248275DB004D7C42 /* Debug */,
				78089D8A248275DB004D7C42 /* Release */,
			);
			defaultConfigurationIsVisible = 0;
			defaultConfigurationName = Release;
		};
		78089D8B248275DB004D7C42 /* Build configuration list for PBXNativeTarget "ProcessExplorer" */ = {
			isa = XCConfigurationList;
			buildConfigurations = (
				78089D8C248275DB004D7C42 /* Debug */,
				78089D8D248275DB004D7C42 /* Release */,
			);
			defaultConfigurationIsVisible = 0;
			defaultConfigurationName = Release;
		};
		78089D8E248275DB004D7C42 /* Build configuration list for PBXNativeTarget "ProcessExplorerTests" */ = {
			isa = XCConfigurationList;
			buildConfigurations = (
				78089D8F248275DB004D7C42 /* Debug */,
				78089D90248275DB004D7C42 /* Release */,
			);
			defaultConfigurationIsVisible = 0;
			defaultConfigurationName = Release;
		};
/* End XCConfigurationList section */
	};
	rootObject = 78089D68248275D9004D7C42 /* Project object */;
}
